// !$*UTF8*$!
{
	archiveVersion = 1;
	classes = {
	};
	objectVersion = 50;
	objects = {

/* Begin PBXBuildFile section */
		150F898A230BFF25002BC7F5 /* JsonCoder.swift in Sources */ = {isa = PBXBuildFile; fileRef = 150F8989230BFF25002BC7F5 /* JsonCoder.swift */; };
		150F898C230C09AF002BC7F5 /* ApplicationError.swift in Sources */ = {isa = PBXBuildFile; fileRef = 150F898B230C09AF002BC7F5 /* ApplicationError.swift */; };
		150F898E230C0CBA002BC7F5 /* ContactsServiceTests.swift in Sources */ = {isa = PBXBuildFile; fileRef = 150F898D230C0CBA002BC7F5 /* ContactsServiceTests.swift */; };
		150F8990230C10B8002BC7F5 /* contacts.json in Resources */ = {isa = PBXBuildFile; fileRef = 150F898F230C10B8002BC7F5 /* contacts.json */; };
		150F8992230C255A002BC7F5 /* contact9539.json in Resources */ = {isa = PBXBuildFile; fileRef = 150F8991230C255A002BC7F5 /* contact9539.json */; };
		150F8994230C2954002BC7F5 /* Contact.swift in Sources */ = {isa = PBXBuildFile; fileRef = 150F8993230C2954002BC7F5 /* Contact.swift */; };
		150F8998230D20CF002BC7F5 /* ContactTableViewCell.swift in Sources */ = {isa = PBXBuildFile; fileRef = 150F8996230D20CF002BC7F5 /* ContactTableViewCell.swift */; };
		150F8999230D20CF002BC7F5 /* ContactTableViewCell.xib in Resources */ = {isa = PBXBuildFile; fileRef = 150F8997230D20CF002BC7F5 /* ContactTableViewCell.xib */; };
		150F899B230D2444002BC7F5 /* ContactListViewController.swift in Sources */ = {isa = PBXBuildFile; fileRef = 150F899A230D2444002BC7F5 /* ContactListViewController.swift */; };
		150F899D230D30F5002BC7F5 /* ContactListViewModel.swift in Sources */ = {isa = PBXBuildFile; fileRef = 150F899C230D30F5002BC7F5 /* ContactListViewModel.swift */; };
		150F899F230D3108002BC7F5 /* ContactViewModel.swift in Sources */ = {isa = PBXBuildFile; fileRef = 150F899E230D3108002BC7F5 /* ContactViewModel.swift */; };
		1567B07C230E71A500E2B54B /* ContactDetailViewController.swift in Sources */ = {isa = PBXBuildFile; fileRef = 1567B07B230E71A500E2B54B /* ContactDetailViewController.swift */; };
		1567B07E230E8E1800E2B54B /* ContactItemViewModel.swift in Sources */ = {isa = PBXBuildFile; fileRef = 1567B07D230E8E1800E2B54B /* ContactItemViewModel.swift */; };
		1567B080230E961600E2B54B /* ContactItemTableViewCell.swift in Sources */ = {isa = PBXBuildFile; fileRef = 1567B07F230E961600E2B54B /* ContactItemTableViewCell.swift */; };
		15A56161230BA40B0084FBD7 /* AppDelegate.swift in Sources */ = {isa = PBXBuildFile; fileRef = 15A56160230BA40B0084FBD7 /* AppDelegate.swift */; };
		15A56166230BA40B0084FBD7 /* Main.storyboard in Resources */ = {isa = PBXBuildFile; fileRef = 15A56164230BA40B0084FBD7 /* Main.storyboard */; };
		15A56168230BA40C0084FBD7 /* Assets.xcassets in Resources */ = {isa = PBXBuildFile; fileRef = 15A56167230BA40C0084FBD7 /* Assets.xcassets */; };
		15A5616B230BA40C0084FBD7 /* LaunchScreen.storyboard in Resources */ = {isa = PBXBuildFile; fileRef = 15A56169230BA40C0084FBD7 /* LaunchScreen.storyboard */; };
		15A56176230BA40C0084FBD7 /* ContactsTests.swift in Sources */ = {isa = PBXBuildFile; fileRef = 15A56175230BA40C0084FBD7 /* ContactsTests.swift */; };
		15A5618A230BAE1E0084FBD7 /* ServiceHandler.swift in Sources */ = {isa = PBXBuildFile; fileRef = 15A56189230BAE1E0084FBD7 /* ServiceHandler.swift */; };
		15A5618E230BB6C90084FBD7 /* ContactsService.swift in Sources */ = {isa = PBXBuildFile; fileRef = 15A5618D230BB6C90084FBD7 /* ContactsService.swift */; };
		15D0B6D4230D810F0014018E /* ContactSection.swift in Sources */ = {isa = PBXBuildFile; fileRef = 15D0B6D3230D810F0014018E /* ContactSection.swift */; };
		15D0B6D6230D9A250014018E /* ContactListViewModelTests.swift in Sources */ = {isa = PBXBuildFile; fileRef = 15D0B6D5230D9A250014018E /* ContactListViewModelTests.swift */; };
		15D0B6D8230D9D380014018E /* MockContactsService.swift in Sources */ = {isa = PBXBuildFile; fileRef = 15D0B6D7230D9D380014018E /* MockContactsService.swift */; };
		15D0B6DA230DA2100014018E /* UIImageView+Extension.swift in Sources */ = {isa = PBXBuildFile; fileRef = 15D0B6D9230DA2100014018E /* UIImageView+Extension.swift */; };
/* End PBXBuildFile section */

/* Begin PBXContainerItemProxy section */
		15A56172230BA40C0084FBD7 /* PBXContainerItemProxy */ = {
			isa = PBXContainerItemProxy;
			containerPortal = 15A56155230BA40B0084FBD7 /* Project object */;
			proxyType = 1;
			remoteGlobalIDString = 15A5615C230BA40B0084FBD7;
			remoteInfo = Contacts;
		};
/* End PBXContainerItemProxy section */

/* Begin PBXFileReference section */
		150F8989230BFF25002BC7F5 /* JsonCoder.swift */ = {isa = PBXFileReference; lastKnownFileType = sourcecode.swift; path = JsonCoder.swift; sourceTree = "<group>"; };
		150F898B230C09AF002BC7F5 /* ApplicationError.swift */ = {isa = PBXFileReference; lastKnownFileType = sourcecode.swift; path = ApplicationError.swift; sourceTree = "<group>"; };
		150F898D230C0CBA002BC7F5 /* ContactsServiceTests.swift */ = {isa = PBXFileReference; lastKnownFileType = sourcecode.swift; path = ContactsServiceTests.swift; sourceTree = "<group>"; };
		150F898F230C10B8002BC7F5 /* contacts.json */ = {isa = PBXFileReference; lastKnownFileType = text.json; path = contacts.json; sourceTree = "<group>"; };
		150F8991230C255A002BC7F5 /* contact9539.json */ = {isa = PBXFileReference; lastKnownFileType = text.json; path = contact9539.json; sourceTree = "<group>"; };
		150F8993230C2954002BC7F5 /* Contact.swift */ = {isa = PBXFileReference; lastKnownFileType = sourcecode.swift; path = Contact.swift; sourceTree = "<group>"; };
		150F8996230D20CF002BC7F5 /* ContactTableViewCell.swift */ = {isa = PBXFileReference; lastKnownFileType = sourcecode.swift; path = ContactTableViewCell.swift; sourceTree = "<group>"; };
		150F8997230D20CF002BC7F5 /* ContactTableViewCell.xib */ = {isa = PBXFileReference; lastKnownFileType = file.xib; path = ContactTableViewCell.xib; sourceTree = "<group>"; };
		150F899A230D2444002BC7F5 /* ContactListViewController.swift */ = {isa = PBXFileReference; lastKnownFileType = sourcecode.swift; path = ContactListViewController.swift; sourceTree = "<group>"; };
		150F899C230D30F5002BC7F5 /* ContactListViewModel.swift */ = {isa = PBXFileReference; lastKnownFileType = sourcecode.swift; path = ContactListViewModel.swift; sourceTree = "<group>"; };
		150F899E230D3108002BC7F5 /* ContactViewModel.swift */ = {isa = PBXFileReference; lastKnownFileType = sourcecode.swift; path = ContactViewModel.swift; sourceTree = "<group>"; };
		1567B07B230E71A500E2B54B /* ContactDetailViewController.swift */ = {isa = PBXFileReference; lastKnownFileType = sourcecode.swift; path = ContactDetailViewController.swift; sourceTree = "<group>"; };
		1567B07D230E8E1800E2B54B /* ContactItemViewModel.swift */ = {isa = PBXFileReference; lastKnownFileType = sourcecode.swift; path = ContactItemViewModel.swift; sourceTree = "<group>"; };
		1567B07F230E961600E2B54B /* ContactItemTableViewCell.swift */ = {isa = PBXFileReference; lastKnownFileType = sourcecode.swift; path = ContactItemTableViewCell.swift; sourceTree = "<group>"; };
		15A5615D230BA40B0084FBD7 /* Contacts.app */ = {isa = PBXFileReference; explicitFileType = wrapper.application; includeInIndex = 0; path = Contacts.app; sourceTree = BUILT_PRODUCTS_DIR; };
		15A56160230BA40B0084FBD7 /* AppDelegate.swift */ = {isa = PBXFileReference; lastKnownFileType = sourcecode.swift; path = AppDelegate.swift; sourceTree = "<group>"; };
		15A56165230BA40B0084FBD7 /* Base */ = {isa = PBXFileReference; lastKnownFileType = file.storyboard; name = Base; path = Base.lproj/Main.storyboard; sourceTree = "<group>"; };
		15A56167230BA40C0084FBD7 /* Assets.xcassets */ = {isa = PBXFileReference; lastKnownFileType = folder.assetcatalog; path = Assets.xcassets; sourceTree = "<group>"; };
		15A5616A230BA40C0084FBD7 /* Base */ = {isa = PBXFileReference; lastKnownFileType = file.storyboard; name = Base; path = Base.lproj/LaunchScreen.storyboard; sourceTree = "<group>"; };
		15A5616C230BA40C0084FBD7 /* Info.plist */ = {isa = PBXFileReference; lastKnownFileType = text.plist.xml; path = Info.plist; sourceTree = "<group>"; };
		15A56171230BA40C0084FBD7 /* ContactsTests.xctest */ = {isa = PBXFileReference; explicitFileType = wrapper.cfbundle; includeInIndex = 0; path = ContactsTests.xctest; sourceTree = BUILT_PRODUCTS_DIR; };
		15A56175230BA40C0084FBD7 /* ContactsTests.swift */ = {isa = PBXFileReference; lastKnownFileType = sourcecode.swift; path = ContactsTests.swift; sourceTree = "<group>"; };
		15A56177230BA40C0084FBD7 /* Info.plist */ = {isa = PBXFileReference; lastKnownFileType = text.plist.xml; path = Info.plist; sourceTree = "<group>"; };
		15A56189230BAE1E0084FBD7 /* ServiceHandler.swift */ = {isa = PBXFileReference; lastKnownFileType = sourcecode.swift; path = ServiceHandler.swift; sourceTree = "<group>"; };
		15A5618D230BB6C90084FBD7 /* ContactsService.swift */ = {isa = PBXFileReference; lastKnownFileType = sourcecode.swift; path = ContactsService.swift; sourceTree = "<group>"; };
		15D0B6D3230D810F0014018E /* ContactSection.swift */ = {isa = PBXFileReference; lastKnownFileType = sourcecode.swift; path = ContactSection.swift; sourceTree = "<group>"; };
		15D0B6D5230D9A250014018E /* ContactListViewModelTests.swift */ = {isa = PBXFileReference; lastKnownFileType = sourcecode.swift; path = ContactListViewModelTests.swift; sourceTree = "<group>"; };
		15D0B6D7230D9D380014018E /* MockContactsService.swift */ = {isa = PBXFileReference; lastKnownFileType = sourcecode.swift; path = MockContactsService.swift; sourceTree = "<group>"; };
		15D0B6D9230DA2100014018E /* UIImageView+Extension.swift */ = {isa = PBXFileReference; lastKnownFileType = sourcecode.swift; path = "UIImageView+Extension.swift"; sourceTree = "<group>"; };
/* End PBXFileReference section */

/* Begin PBXFrameworksBuildPhase section */
		15A5615A230BA40B0084FBD7 /* Frameworks */ = {
			isa = PBXFrameworksBuildPhase;
			buildActionMask = 2147483647;
			files = (
			);
			runOnlyForDeploymentPostprocessing = 0;
		};
		15A5616E230BA40C0084FBD7 /* Frameworks */ = {
			isa = PBXFrameworksBuildPhase;
			buildActionMask = 2147483647;
			files = (
			);
			runOnlyForDeploymentPostprocessing = 0;
		};
/* End PBXFrameworksBuildPhase section */

/* Begin PBXGroup section */
		150F8995230D209D002BC7F5 /* View */ = {
			isa = PBXGroup;
			children = (
				150F8996230D20CF002BC7F5 /* ContactTableViewCell.swift */,
				150F8997230D20CF002BC7F5 /* ContactTableViewCell.xib */,
				1567B07F230E961600E2B54B /* ContactItemTableViewCell.swift */,
			);
			path = View;
			sourceTree = "<group>";
		};
		15A56154230BA40B0084FBD7 = {
			isa = PBXGroup;
			children = (
				15A5615F230BA40B0084FBD7 /* Contacts */,
				15A56174230BA40C0084FBD7 /* ContactsTests */,
				15A5615E230BA40B0084FBD7 /* Products */,
			);
			sourceTree = "<group>";
		};
		15A5615E230BA40B0084FBD7 /* Products */ = {
			isa = PBXGroup;
			children = (
				15A5615D230BA40B0084FBD7 /* Contacts.app */,
				15A56171230BA40C0084FBD7 /* ContactsTests.xctest */,
			);
			name = Products;
			sourceTree = "<group>";
		};
		15A5615F230BA40B0084FBD7 /* Contacts */ = {
			isa = PBXGroup;
			children = (
				150F8995230D209D002BC7F5 /* View */,
				15A5618C230BB6AE0084FBD7 /* Service */,
				15A5618B230BB6040084FBD7 /* Storyboard */,
				15A56187230BAD7B0084FBD7 /* ViewController */,
				15A56186230BAD710084FBD7 /* ViewModel */,
				15A56185230BAD6A0084FBD7 /* Model */,
				15A56180230BA61F0084FBD7 /* Common */,
				15A5616C230BA40C0084FBD7 /* Info.plist */,
			);
			path = Contacts;
			sourceTree = "<group>";
		};
		15A56174230BA40C0084FBD7 /* ContactsTests */ = {
			isa = PBXGroup;
			children = (
				15A56175230BA40C0084FBD7 /* ContactsTests.swift */,
				15A56177230BA40C0084FBD7 /* Info.plist */,
				150F898D230C0CBA002BC7F5 /* ContactsServiceTests.swift */,
				150F898F230C10B8002BC7F5 /* contacts.json */,
				150F8991230C255A002BC7F5 /* contact9539.json */,
				15D0B6D5230D9A250014018E /* ContactListViewModelTests.swift */,
				15D0B6D7230D9D380014018E /* MockContactsService.swift */,
			);
			path = ContactsTests;
			sourceTree = "<group>";
		};
		15A56180230BA61F0084FBD7 /* Common */ = {
			isa = PBXGroup;
			children = (
				15A56167230BA40C0084FBD7 /* Assets.xcassets */,
				15A56169230BA40C0084FBD7 /* LaunchScreen.storyboard */,
				15A56160230BA40B0084FBD7 /* AppDelegate.swift */,
				15A56189230BAE1E0084FBD7 /* ServiceHandler.swift */,
				150F8989230BFF25002BC7F5 /* JsonCoder.swift */,
				150F898B230C09AF002BC7F5 /* ApplicationError.swift */,
				15D0B6D9230DA2100014018E /* UIImageView+Extension.swift */,
			);
			path = Common;
			sourceTree = "<group>";
		};
		15A56185230BAD6A0084FBD7 /* Model */ = {
			isa = PBXGroup;
			children = (
				150F8993230C2954002BC7F5 /* Contact.swift */,
			);
			path = Model;
			sourceTree = "<group>";
		};
		15A56186230BAD710084FBD7 /* ViewModel */ = {
			isa = PBXGroup;
			children = (
				150F899C230D30F5002BC7F5 /* ContactListViewModel.swift */,
				150F899E230D3108002BC7F5 /* ContactViewModel.swift */,
				15D0B6D3230D810F0014018E /* ContactSection.swift */,
				1567B07D230E8E1800E2B54B /* ContactItemViewModel.swift */,
			);
			path = ViewModel;
			sourceTree = "<group>";
		};
		15A56187230BAD7B0084FBD7 /* ViewController */ = {
			isa = PBXGroup;
			children = (
				150F899A230D2444002BC7F5 /* ContactListViewController.swift */,
				1567B07B230E71A500E2B54B /* ContactDetailViewController.swift */,
			);
			path = ViewController;
			sourceTree = "<group>";
		};
		15A5618B230BB6040084FBD7 /* Storyboard */ = {
			isa = PBXGroup;
			children = (
				15A56164230BA40B0084FBD7 /* Main.storyboard */,
			);
			path = Storyboard;
			sourceTree = "<group>";
		};
		15A5618C230BB6AE0084FBD7 /* Service */ = {
			isa = PBXGroup;
			children = (
				15A5618D230BB6C90084FBD7 /* ContactsService.swift */,
			);
			path = Service;
			sourceTree = "<group>";
		};
/* End PBXGroup section */

/* Begin PBXNativeTarget section */
		15A5615C230BA40B0084FBD7 /* Contacts */ = {
			isa = PBXNativeTarget;
			buildConfigurationList = 15A5617A230BA40C0084FBD7 /* Build configuration list for PBXNativeTarget "Contacts" */;
			buildPhases = (
				15A56159230BA40B0084FBD7 /* Sources */,
				15A5615A230BA40B0084FBD7 /* Frameworks */,
				15A5615B230BA40B0084FBD7 /* Resources */,
			);
			buildRules = (
			);
			dependencies = (
			);
			name = Contacts;
			productName = Contacts;
			productReference = 15A5615D230BA40B0084FBD7 /* Contacts.app */;
			productType = "com.apple.product-type.application";
		};
		15A56170230BA40C0084FBD7 /* ContactsTests */ = {
			isa = PBXNativeTarget;
			buildConfigurationList = 15A5617D230BA40C0084FBD7 /* Build configuration list for PBXNativeTarget "ContactsTests" */;
			buildPhases = (
				15A5616D230BA40C0084FBD7 /* Sources */,
				15A5616E230BA40C0084FBD7 /* Frameworks */,
				15A5616F230BA40C0084FBD7 /* Resources */,
			);
			buildRules = (
			);
			dependencies = (
				15A56173230BA40C0084FBD7 /* PBXTargetDependency */,
			);
			name = ContactsTests;
			productName = ContactsTests;
			productReference = 15A56171230BA40C0084FBD7 /* ContactsTests.xctest */;
			productType = "com.apple.product-type.bundle.unit-test";
		};
/* End PBXNativeTarget section */

/* Begin PBXProject section */
		15A56155230BA40B0084FBD7 /* Project object */ = {
			isa = PBXProject;
			attributes = {
				LastSwiftUpdateCheck = 1020;
				LastUpgradeCheck = 1020;
				ORGANIZATIONNAME = "Saravanakumar Selladurai";
				TargetAttributes = {
					15A5615C230BA40B0084FBD7 = {
						CreatedOnToolsVersion = 10.2;
					};
					15A56170230BA40C0084FBD7 = {
						CreatedOnToolsVersion = 10.2;
						TestTargetID = 15A5615C230BA40B0084FBD7;
					};
				};
			};
			buildConfigurationList = 15A56158230BA40B0084FBD7 /* Build configuration list for PBXProject "Contacts" */;
			compatibilityVersion = "Xcode 9.3";
			developmentRegion = en;
			hasScannedForEncodings = 0;
			knownRegions = (
				en,
				Base,
			);
			mainGroup = 15A56154230BA40B0084FBD7;
			productRefGroup = 15A5615E230BA40B0084FBD7 /* Products */;
			projectDirPath = "";
			projectRoot = "";
			targets = (
				15A5615C230BA40B0084FBD7 /* Contacts */,
				15A56170230BA40C0084FBD7 /* ContactsTests */,
			);
		};
/* End PBXProject section */

/* Begin PBXResourcesBuildPhase section */
		15A5615B230BA40B0084FBD7 /* Resources */ = {
			isa = PBXResourcesBuildPhase;
			buildActionMask = 2147483647;
			files = (
				150F8999230D20CF002BC7F5 /* ContactTableViewCell.xib in Resources */,
				15A5616B230BA40C0084FBD7 /* LaunchScreen.storyboard in Resources */,
				15A56168230BA40C0084FBD7 /* Assets.xcassets in Resources */,
				15A56166230BA40B0084FBD7 /* Main.storyboard in Resources */,
			);
			runOnlyForDeploymentPostprocessing = 0;
		};
		15A5616F230BA40C0084FBD7 /* Resources */ = {
			isa = PBXResourcesBuildPhase;
			buildActionMask = 2147483647;
			files = (
				150F8992230C255A002BC7F5 /* contact9539.json in Resources */,
				150F8990230C10B8002BC7F5 /* contacts.json in Resources */,
			);
			runOnlyForDeploymentPostprocessing = 0;
		};
/* End PBXResourcesBuildPhase section */

/* Begin PBXSourcesBuildPhase section */
		15A56159230BA40B0084FBD7 /* Sources */ = {
			isa = PBXSourcesBuildPhase;
			buildActionMask = 2147483647;
			files = (
				15A5618E230BB6C90084FBD7 /* ContactsService.swift in Sources */,
				1567B080230E961600E2B54B /* ContactItemTableViewCell.swift in Sources */,
				1567B07E230E8E1800E2B54B /* ContactItemViewModel.swift in Sources */,
				150F899F230D3108002BC7F5 /* ContactViewModel.swift in Sources */,
				150F899B230D2444002BC7F5 /* ContactListViewController.swift in Sources */,
				15D0B6D4230D810F0014018E /* ContactSection.swift in Sources */,
				150F898A230BFF25002BC7F5 /* JsonCoder.swift in Sources */,
				15A56161230BA40B0084FBD7 /* AppDelegate.swift in Sources */,
				15D0B6DA230DA2100014018E /* UIImageView+Extension.swift in Sources */,
				150F899D230D30F5002BC7F5 /* ContactListViewModel.swift in Sources */,
				1567B07C230E71A500E2B54B /* ContactDetailViewController.swift in Sources */,
				150F8998230D20CF002BC7F5 /* ContactTableViewCell.swift in Sources */,
				150F8994230C2954002BC7F5 /* Contact.swift in Sources */,
				15A5618A230BAE1E0084FBD7 /* ServiceHandler.swift in Sources */,
				150F898C230C09AF002BC7F5 /* ApplicationError.swift in Sources */,
			);
			runOnlyForDeploymentPostprocessing = 0;
		};
		15A5616D230BA40C0084FBD7 /* Sources */ = {
			isa = PBXSourcesBuildPhase;
			buildActionMask = 2147483647;
			files = (
				150F898E230C0CBA002BC7F5 /* ContactsServiceTests.swift in Sources */,
				15D0B6D6230D9A250014018E /* ContactListViewModelTests.swift in Sources */,
				15D0B6D8230D9D380014018E /* MockContactsService.swift in Sources */,
				15A56176230BA40C0084FBD7 /* ContactsTests.swift in Sources */,
			);
			runOnlyForDeploymentPostprocessing = 0;
		};
/* End PBXSourcesBuildPhase section */

/* Begin PBXTargetDependency section */
		15A56173230BA40C0084FBD7 /* PBXTargetDependency */ = {
			isa = PBXTargetDependency;
			target = 15A5615C230BA40B0084FBD7 /* Contacts */;
			targetProxy = 15A56172230BA40C0084FBD7 /* PBXContainerItemProxy */;
		};
/* End PBXTargetDependency section */

/* Begin PBXVariantGroup section */
		15A56164230BA40B0084FBD7 /* Main.storyboard */ = {
			isa = PBXVariantGroup;
			children = (
				15A56165230BA40B0084FBD7 /* Base */,
			);
			name = Main.storyboard;
			sourceTree = "<group>";
		};
		15A56169230BA40C0084FBD7 /* LaunchScreen.storyboard */ = {
			isa = PBXVariantGroup;
			children = (
				15A5616A230BA40C0084FBD7 /* Base */,
			);
			name = LaunchScreen.storyboard;
			sourceTree = "<group>";
		};
/* End PBXVariantGroup section */

/* Begin XCBuildConfiguration section */
		15A56178230BA40C0084FBD7 /* Debug */ = {
			isa = XCBuildConfiguration;
			buildSettings = {
				ALWAYS_SEARCH_USER_PATHS = NO;
				CLANG_ANALYZER_NONNULL = YES;
				CLANG_ANALYZER_NUMBER_OBJECT_CONVERSION = YES_AGGRESSIVE;
				CLANG_CXX_LANGUAGE_STANDARD = "gnu++14";
				CLANG_CXX_LIBRARY = "libc++";
				CLANG_ENABLE_MODULES = YES;
				CLANG_ENABLE_OBJC_ARC = YES;
				CLANG_ENABLE_OBJC_WEAK = YES;
				CLANG_WARN_BLOCK_CAPTURE_AUTORELEASING = YES;
				CLANG_WARN_BOOL_CONVERSION = YES;
				CLANG_WARN_COMMA = YES;
				CLANG_WARN_CONSTANT_CONVERSION = YES;
				CLANG_WARN_DEPRECATED_OBJC_IMPLEMENTATIONS = YES;
				CLANG_WARN_DIRECT_OBJC_ISA_USAGE = YES_ERROR;
				CLANG_WARN_DOCUMENTATION_COMMENTS = YES;
				CLANG_WARN_EMPTY_BODY = YES;
				CLANG_WARN_ENUM_CONVERSION = YES;
				CLANG_WARN_INFINITE_RECURSION = YES;
				CLANG_WARN_INT_CONVERSION = YES;
				CLANG_WARN_NON_LITERAL_NULL_CONVERSION = YES;
				CLANG_WARN_OBJC_IMPLICIT_RETAIN_SELF = YES;
				CLANG_WARN_OBJC_LITERAL_CONVERSION = YES;
				CLANG_WARN_OBJC_ROOT_CLASS = YES_ERROR;
				CLANG_WARN_RANGE_LOOP_ANALYSIS = YES;
				CLANG_WARN_STRICT_PROTOTYPES = YES;
				CLANG_WARN_SUSPICIOUS_MOVE = YES;
				CLANG_WARN_UNGUARDED_AVAILABILITY = YES_AGGRESSIVE;
				CLANG_WARN_UNREACHABLE_CODE = YES;
				CLANG_WARN__DUPLICATE_METHOD_MATCH = YES;
				CODE_SIGN_IDENTITY = "iPhone Developer";
				COPY_PHASE_STRIP = NO;
				DEBUG_INFORMATION_FORMAT = dwarf;
				ENABLE_STRICT_OBJC_MSGSEND = YES;
				ENABLE_TESTABILITY = YES;
				GCC_C_LANGUAGE_STANDARD = gnu11;
				GCC_DYNAMIC_NO_PIC = NO;
				GCC_NO_COMMON_BLOCKS = YES;
				GCC_OPTIMIZATION_LEVEL = 0;
				GCC_PREPROCESSOR_DEFINITIONS = (
					"DEBUG=1",
					"$(inherited)",
				);
				GCC_WARN_64_TO_32_BIT_CONVERSION = YES;
				GCC_WARN_ABOUT_RETURN_TYPE = YES_ERROR;
				GCC_WARN_UNDECLARED_SELECTOR = YES;
				GCC_WARN_UNINITIALIZED_AUTOS = YES_AGGRESSIVE;
				GCC_WARN_UNUSED_FUNCTION = YES;
				GCC_WARN_UNUSED_VARIABLE = YES;
				IPHONEOS_DEPLOYMENT_TARGET = 12.2;
				MTL_ENABLE_DEBUG_INFO = INCLUDE_SOURCE;
				MTL_FAST_MATH = YES;
				ONLY_ACTIVE_ARCH = YES;
				SDKROOT = iphoneos;
				SWIFT_ACTIVE_COMPILATION_CONDITIONS = DEBUG;
				SWIFT_OPTIMIZATION_LEVEL = "-Onone";
			};
			name = Debug;
		};
		15A56179230BA40C0084FBD7 /* Release */ = {
			isa = XCBuildConfiguration;
			buildSettings = {
				ALWAYS_SEARCH_USER_PATHS = NO;
				CLANG_ANALYZER_NONNULL = YES;
				CLANG_ANALYZER_NUMBER_OBJECT_CONVERSION = YES_AGGRESSIVE;
				CLANG_CXX_LANGUAGE_STANDARD = "gnu++14";
				CLANG_CXX_LIBRARY = "libc++";
				CLANG_ENABLE_MODULES = YES;
				CLANG_ENABLE_OBJC_ARC = YES;
				CLANG_ENABLE_OBJC_WEAK = YES;
				CLANG_WARN_BLOCK_CAPTURE_AUTORELEASING = YES;
				CLANG_WARN_BOOL_CONVERSION = YES;
				CLANG_WARN_COMMA = YES;
				CLANG_WARN_CONSTANT_CONVERSION = YES;
				CLANG_WARN_DEPRECATED_OBJC_IMPLEMENTATIONS = YES;
				CLANG_WARN_DIRECT_OBJC_ISA_USAGE = YES_ERROR;
				CLANG_WARN_DOCUMENTATION_COMMENTS = YES;
				CLANG_WARN_EMPTY_BODY = YES;
				CLANG_WARN_ENUM_CONVERSION = YES;
				CLANG_WARN_INFINITE_RECURSION = YES;
				CLANG_WARN_INT_CONVERSION = YES;
				CLANG_WARN_NON_LITERAL_NULL_CONVERSION = YES;
				CLANG_WARN_OBJC_IMPLICIT_RETAIN_SELF = YES;
				CLANG_WARN_OBJC_LITERAL_CONVERSION = YES;
				CLANG_WARN_OBJC_ROOT_CLASS = YES_ERROR;
				CLANG_WARN_RANGE_LOOP_ANALYSIS = YES;
				CLANG_WARN_STRICT_PROTOTYPES = YES;
				CLANG_WARN_SUSPICIOUS_MOVE = YES;
				CLANG_WARN_UNGUARDED_AVAILABILITY = YES_AGGRESSIVE;
				CLANG_WARN_UNREACHABLE_CODE = YES;
				CLANG_WARN__DUPLICATE_METHOD_MATCH = YES;
				CODE_SIGN_IDENTITY = "iPhone Developer";
				COPY_PHASE_STRIP = NO;
				DEBUG_INFORMATION_FORMAT = "dwarf-with-dsym";
				ENABLE_NS_ASSERTIONS = NO;
				ENABLE_STRICT_OBJC_MSGSEND = YES;
				GCC_C_LANGUAGE_STANDARD = gnu11;
				GCC_NO_COMMON_BLOCKS = YES;
				GCC_WARN_64_TO_32_BIT_CONVERSION = YES;
				GCC_WARN_ABOUT_RETURN_TYPE = YES_ERROR;
				GCC_WARN_UNDECLARED_SELECTOR = YES;
				GCC_WARN_UNINITIALIZED_AUTOS = YES_AGGRESSIVE;
				GCC_WARN_UNUSED_FUNCTION = YES;
				GCC_WARN_UNUSED_VARIABLE = YES;
				IPHONEOS_DEPLOYMENT_TARGET = 12.2;
				MTL_ENABLE_DEBUG_INFO = NO;
				MTL_FAST_MATH = YES;
				SDKROOT = iphoneos;
				SWIFT_COMPILATION_MODE = wholemodule;
				SWIFT_OPTIMIZATION_LEVEL = "-O";
				VALIDATE_PRODUCT = YES;
			};
			name = Release;
		};
		15A5617B230BA40C0084FBD7 /* Debug */ = {
			isa = XCBuildConfiguration;
			buildSettings = {
				ASSETCATALOG_COMPILER_APPICON_NAME = AppIcon;
				CODE_SIGN_STYLE = Automatic;
				INFOPLIST_FILE = Contacts/Info.plist;
				LD_RUNPATH_SEARCH_PATHS = (
					"$(inherited)",
					"@executable_path/Frameworks",
				);
				PRODUCT_BUNDLE_IDENTIFIER = org.brass.Contacts;
				PRODUCT_NAME = "$(TARGET_NAME)";
				SWIFT_VERSION = 5.0;
				TARGETED_DEVICE_FAMILY = "1,2";
			};
			name = Debug;
		};
		15A5617C230BA40C0084FBD7 /* Release */ = {
			isa = XCBuildConfiguration;
			buildSettings = {
				ASSETCATALOG_COMPILER_APPICON_NAME = AppIcon;
				CODE_SIGN_STYLE = Automatic;
				INFOPLIST_FILE = Contacts/Info.plist;
				LD_RUNPATH_SEARCH_PATHS = (
					"$(inherited)",
					"@executable_path/Frameworks",
				);
				PRODUCT_BUNDLE_IDENTIFIER = org.brass.Contacts;
				PRODUCT_NAME = "$(TARGET_NAME)";
				SWIFT_VERSION = 5.0;
				TARGETED_DEVICE_FAMILY = "1,2";
			};
			name = Release;
		};
		15A5617E230BA40C0084FBD7 /* Debug */ = {
			isa = XCBuildConfiguration;
			buildSettings = {
				ALWAYS_EMBED_SWIFT_STANDARD_LIBRARIES = YES;
				BUNDLE_LOADER = "$(TEST_HOST)";
				CODE_SIGN_STYLE = Automatic;
				INFOPLIST_FILE = ContactsTests/Info.plist;
				LD_RUNPATH_SEARCH_PATHS = (
					"$(inherited)",
					"@executable_path/Frameworks",
					"@loader_path/Frameworks",
				);
				PRODUCT_BUNDLE_IDENTIFIER = org.brass.ContactsTests;
				PRODUCT_NAME = "$(TARGET_NAME)";
				SWIFT_VERSION = 5.0;
				TARGETED_DEVICE_FAMILY = "1,2";
				TEST_HOST = "$(BUILT_PRODUCTS_DIR)/Contacts.app/Contacts";
			};
			name = Debug;
		};
		15A5617F230BA40C0084FBD7 /* Release */ = {
			isa = XCBuildConfiguration;
			buildSettings = {
				ALWAYS_EMBED_SWIFT_STANDARD_LIBRARIES = YES;
				BUNDLE_LOADER = "$(TEST_HOST)";
				CODE_SIGN_STYLE = Automatic;
				INFOPLIST_FILE = ContactsTests/Info.plist;
				LD_RUNPATH_SEARCH_PATHS = (
					"$(inherited)",
					"@executable_path/Frameworks",
					"@loader_path/Frameworks",
				);
				PRODUCT_BUNDLE_IDENTIFIER = org.brass.ContactsTests;
				PRODUCT_NAME = "$(TARGET_NAME)";
				SWIFT_VERSION = 5.0;
				TARGETED_DEVICE_FAMILY = "1,2";
				TEST_HOST = "$(BUILT_PRODUCTS_DIR)/Contacts.app/Contacts";
			};
			name = Release;
		};
/* End XCBuildConfiguration section */

/* Begin XCConfigurationList section */
		15A56158230BA40B0084FBD7 /* Build configuration list for PBXProject "Contacts" */ = {
			isa = XCConfigurationList;
			buildConfigurations = (
				15A56178230BA40C0084FBD7 /* Debug */,
				15A56179230BA40C0084FBD7 /* Release */,
			);
			defaultConfigurationIsVisible = 0;
			defaultConfigurationName = Release;
		};
		15A5617A230BA40C0084FBD7 /* Build configuration list for PBXNativeTarget "Contacts" */ = {
			isa = XCConfigurationList;
			buildConfigurations = (
				15A5617B230BA40C0084FBD7 /* Debug */,
				15A5617C230BA40C0084FBD7 /* Release */,
			);
			defaultConfigurationIsVisible = 0;
			defaultConfigurationName = Release;
		};
		15A5617D230BA40C0084FBD7 /* Build configuration list for PBXNativeTarget "ContactsTests" */ = {
			isa = XCConfigurationList;
			buildConfigurations = (
				15A5617E230BA40C0084FBD7 /* Debug */,
				15A5617F230BA40C0084FBD7 /* Release */,
			);
			defaultConfigurationIsVisible = 0;
			defaultConfigurationName = Release;
		};
/* End XCConfigurationList section */
	};
	rootObject = 15A56155230BA40B0084FBD7 /* Project object */;
}
